
Microsoft Visual Studio Solution File, Format Version 12.00
# Visual Studio Version 17
VisualStudioVersion = 17.4.33205.214
MinimumVisualStudioVersion = 10.0.40219.1
Project("{FAE04EC0-301F-11D3-BF4B-00C04F79EFBC}") = "MethodToChaos", "MethodToChaos.csproj", "{1F806B0C-BD83-4F56-921D-6F8FA6E82B8F}"
EndProject
Global
	GlobalSection(SolutionConfigurationPlatforms) = preSolution
		Debug|Any CPU = Debug|Any CPU
		Release|Any CPU = Release|Any CPU
	EndGlobalSection
	GlobalSection(ProjectConfigurationPlatforms) = postSolution
		{1F806B0C-BD83-4F56-921D-6F8FA6E82B8F}.Debug|Any CPU.ActiveCfg = Debug|Any CPU
		{1F806B0C-BD83-4F56-921D-6F8FA6E82B8F}.Debug|Any CPU.Build.0 = Debug|Any CPU
		{1F806B0C-BD83-4F56-921D-6F8FA6E82B8F}.Release|Any CPU.ActiveCfg = Release|Any CPU
		{1F806B0C-BD83-4F56-921D-6F8FA6E82B8F}.Release|Any CPU.Build.0 = Release|Any CPU
	EndGlobalSection
	GlobalSection(SolutionProperties) = preSolution
		HideSolutionNode = FALSE
	EndGlobalSection
	GlobalSection(ExtensibilityGlobals) = postSolution
		SolutionGuid = {AA635B7D-6A12-4243-8F89-014ED1B31084}
	EndGlobalSection
EndGlobal
